// !$*UTF8*$!
{
	archiveVersion = 1;
	classes = {
	};
	objectVersion = 56;
	objects = {

/* Begin PBXBuildFile section */
		F4F8BEC62AC23B15001C2386 /* AppDelegate.swift in Sources */ = {isa = PBXBuildFile; fileRef = F4F8BEC52AC23B15001C2386 /* AppDelegate.swift */; };
		F4F8BEC82AC23B15001C2386 /* SceneDelegate.swift in Sources */ = {isa = PBXBuildFile; fileRef = F4F8BEC72AC23B15001C2386 /* SceneDelegate.swift */; };
		F4F8BECA2AC23B15001C2386 /* ViewController.swift in Sources */ = {isa = PBXBuildFile; fileRef = F4F8BEC92AC23B15001C2386 /* ViewController.swift */; };
		F4F8BECD2AC23B15001C2386 /* Main.storyboard in Resources */ = {isa = PBXBuildFile; fileRef = F4F8BECB2AC23B15001C2386 /* Main.storyboard */; };
		F4F8BED02AC23B15001C2386 /* _30925_TravelBook.xcdatamodeld in Sources */ = {isa = PBXBuildFile; fileRef = F4F8BECE2AC23B15001C2386 /* _30925_TravelBook.xcdatamodeld */; };
		F4F8BED22AC23B16001C2386 /* Assets.xcassets in Resources */ = {isa = PBXBuildFile; fileRef = F4F8BED12AC23B16001C2386 /* Assets.xcassets */; };
		F4F8BED52AC23B16001C2386 /* LaunchScreen.storyboard in Resources */ = {isa = PBXBuildFile; fileRef = F4F8BED32AC23B16001C2386 /* LaunchScreen.storyboard */; };
		F4F8BEDD2AC291A0001C2386 /* ListViewController.swift in Sources */ = {isa = PBXBuildFile; fileRef = F4F8BEDC2AC291A0001C2386 /* ListViewController.swift */; };
/* End PBXBuildFile section */

/* Begin PBXFileReference section */
		F4F8BEC22AC23B15001C2386 /* 230925_TravelBook.app */ = {isa = PBXFileReference; explicitFileType = wrapper.application; includeInIndex = 0; path = 230925_TravelBook.app; sourceTree = BUILT_PRODUCTS_DIR; };
		F4F8BEC52AC23B15001C2386 /* AppDelegate.swift */ = {isa = PBXFileReference; lastKnownFileType = sourcecode.swift; path = AppDelegate.swift; sourceTree = "<group>"; };
		F4F8BEC72AC23B15001C2386 /* SceneDelegate.swift */ = {isa = PBXFileReference; lastKnownFileType = sourcecode.swift; path = SceneDelegate.swift; sourceTree = "<group>"; };
		F4F8BEC92AC23B15001C2386 /* ViewController.swift */ = {isa = PBXFileReference; lastKnownFileType = sourcecode.swift; path = ViewController.swift; sourceTree = "<group>"; };
		F4F8BECC2AC23B15001C2386 /* Base */ = {isa = PBXFileReference; lastKnownFileType = file.storyboard; name = Base; path = Base.lproj/Main.storyboard; sourceTree = "<group>"; };
		F4F8BECF2AC23B15001C2386 /* _30925_TravelBook.xcdatamodel */ = {isa = PBXFileReference; lastKnownFileType = wrapper.xcdatamodel; path = _30925_TravelBook.xcdatamodel; sourceTree = "<group>"; };
		F4F8BED12AC23B16001C2386 /* Assets.xcassets */ = {isa = PBXFileReference; lastKnownFileType = folder.assetcatalog; path = Assets.xcassets; sourceTree = "<group>"; };
		F4F8BED42AC23B16001C2386 /* Base */ = {isa = PBXFileReference; lastKnownFileType = file.storyboard; name = Base; path = Base.lproj/LaunchScreen.storyboard; sourceTree = "<group>"; };
		F4F8BED62AC23B16001C2386 /* Info.plist */ = {isa = PBXFileReference; lastKnownFileType = text.plist.xml; path = Info.plist; sourceTree = "<group>"; };
		F4F8BEDC2AC291A0001C2386 /* ListViewController.swift */ = {isa = PBXFileReference; lastKnownFileType = sourcecode.swift; path = ListViewController.swift; sourceTree = "<group>"; };
/* End PBXFileReference section */

/* Begin PBXFrameworksBuildPhase section */
		F4F8BEBF2AC23B15001C2386 /* Frameworks */ = {
			isa = PBXFrameworksBuildPhase;
			buildActionMask = 2147483647;
			files = (
			);
			runOnlyForDeploymentPostprocessing = 0;
		};
/* End PBXFrameworksBuildPhase section */

/* Begin PBXGroup section */
		F4F8BEB92AC23B15001C2386 = {
			isa = PBXGroup;
			children = (
				F4F8BEC42AC23B15001C2386 /* 230925_TravelBook */,
				F4F8BEC32AC23B15001C2386 /* Products */,
			);
			sourceTree = "<group>";
		};
		F4F8BEC32AC23B15001C2386 /* Products */ = {
			isa = PBXGroup;
			children = (
				F4F8BEC22AC23B15001C2386 /* 230925_TravelBook.app */,
			);
			name = Products;
			sourceTree = "<group>";
		};
		F4F8BEC42AC23B15001C2386 /* 230925_TravelBook */ = {
			isa = PBXGroup;
			children = (
				F4F8BEC52AC23B15001C2386 /* AppDelegate.swift */,
				F4F8BEC72AC23B15001C2386 /* SceneDelegate.swift */,
				F4F8BEDC2AC291A0001C2386 /* ListViewController.swift */,
				F4F8BEC92AC23B15001C2386 /* ViewController.swift */,
				F4F8BECB2AC23B15001C2386 /* Main.storyboard */,
				F4F8BED12AC23B16001C2386 /* Assets.xcassets */,
				F4F8BED32AC23B16001C2386 /* LaunchScreen.storyboard */,
				F4F8BED62AC23B16001C2386 /* Info.plist */,
				F4F8BECE2AC23B15001C2386 /* _30925_TravelBook.xcdatamodeld */,
			);
			path = 230925_TravelBook;
			sourceTree = "<group>";
		};
/* End PBXGroup section */

/* Begin PBXNativeTarget section */
		F4F8BEC12AC23B15001C2386 /* 230925_TravelBook */ = {
			isa = PBXNativeTarget;
			buildConfigurationList = F4F8BED92AC23B16001C2386 /* Build configuration list for PBXNativeTarget "230925_TravelBook" */;
			buildPhases = (
				F4F8BEBE2AC23B15001C2386 /* Sources */,
				F4F8BEBF2AC23B15001C2386 /* Frameworks */,
				F4F8BEC02AC23B15001C2386 /* Resources */,
			);
			buildRules = (
			);
			dependencies = (
			);
			name = 230925_TravelBook;
			productName = 230925_TravelBook;
			productReference = F4F8BEC22AC23B15001C2386 /* 230925_TravelBook.app */;
			productType = "com.apple.product-type.application";
		};
/* End PBXNativeTarget section */

/* Begin PBXProject section */
		F4F8BEBA2AC23B15001C2386 /* Project object */ = {
			isa = PBXProject;
			attributes = {
				BuildIndependentTargetsInParallel = 1;
				LastSwiftUpdateCheck = 1430;
				LastUpgradeCheck = 1430;
				TargetAttributes = {
					F4F8BEC12AC23B15001C2386 = {
						CreatedOnToolsVersion = 14.3.1;
					};
				};
			};
			buildConfigurationList = F4F8BEBD2AC23B15001C2386 /* Build configuration list for PBXProject "230925_TravelBook" */;
			compatibilityVersion = "Xcode 14.0";
			developmentRegion = en;
			hasScannedForEncodings = 0;
			knownRegions = (
				en,
				Base,
			);
			mainGroup = F4F8BEB92AC23B15001C2386;
			productRefGroup = F4F8BEC32AC23B15001C2386 /* Products */;
			projectDirPath = "";
			projectRoot = "";
			targets = (
				F4F8BEC12AC23B15001C2386 /* 230925_TravelBook */,
			);
		};
/* End PBXProject section */

/* Begin PBXResourcesBuildPhase section */
		F4F8BEC02AC23B15001C2386 /* Resources */ = {
			isa = PBXResourcesBuildPhase;
			buildActionMask = 2147483647;
			files = (
				F4F8BED52AC23B16001C2386 /* LaunchScreen.storyboard in Resources */,
				F4F8BED22AC23B16001C2386 /* Assets.xcassets in Resources */,
				F4F8BECD2AC23B15001C2386 /* Main.storyboard in Resources */,
			);
			runOnlyForDeploymentPostprocessing = 0;
		};
/* End PBXResourcesBuildPhase section */

/* Begin PBXSourcesBuildPhase section */
		F4F8BEBE2AC23B15001C2386 /* Sources */ = {
			isa = PBXSourcesBuildPhase;
			buildActionMask = 2147483647;
			files = (
				F4F8BED02AC23B15001C2386 /* _30925_TravelBook.xcdatamodeld in Sources */,
				F4F8BECA2AC23B15001C2386 /* ViewController.swift in Sources */,
				F4F8BEC62AC23B15001C2386 /* AppDelegate.swift in Sources */,
				F4F8BEDD2AC291A0001C2386 /* ListViewController.swift in Sources */,
				F4F8BEC82AC23B15001C2386 /* SceneDelegate.swift in Sources */,
			);
			runOnlyForDeploymentPostprocessing = 0;
		};
/* End PBXSourcesBuildPhase section */

/* Begin PBXVariantGroup section */
		F4F8BECB2AC23B15001C2386 /* Main.storyboard */ = {
			isa = PBXVariantGroup;
			children = (
				F4F8BECC2AC23B15001C2386 /* Base */,
			);
			name = Main.storyboard;
			sourceTree = "<group>";
		};
		F4F8BED32AC23B16001C2386 /* LaunchScreen.storyboard */ = {
			isa = PBXVariantGroup;
			children = (
				F4F8BED42AC23B16001C2386 /* Base */,
			);
			name = LaunchScreen.storyboard;
			sourceTree = "<group>";
		};
/* End PBXVariantGroup section */

/* Begin XCBuildConfiguration section */
		F4F8BED72AC23B16001C2386 /* Debug */ = {
			isa = XCBuildConfiguration;
			buildSettings = {
				ALWAYS_SEARCH_USER_PATHS = NO;
				CLANG_ANALYZER_NONNULL = YES;
				CLANG_ANALYZER_NUMBER_OBJECT_CONVERSION = YES_AGGRESSIVE;
				CLANG_CXX_LANGUAGE_STANDARD = "gnu++20";
				CLANG_ENABLE_MODULES = YES;
				CLANG_ENABLE_OBJC_ARC = YES;
				CLANG_ENABLE_OBJC_WEAK = YES;
				CLANG_WARN_BLOCK_CAPTURE_AUTORELEASING = YES;
				CLANG_WARN_BOOL_CONVERSION = YES;
				CLANG_WARN_COMMA = YES;
				CLANG_WARN_CONSTANT_CONVERSION = YES;
				CLANG_WARN_DEPRECATED_OBJC_IMPLEMENTATIONS = YES;
				CLANG_WARN_DIRECT_OBJC_ISA_USAGE = YES_ERROR;
				CLANG_WARN_DOCUMENTATION_COMMENTS = YES;
				CLANG_WARN_EMPTY_BODY = YES;
				CLANG_WARN_ENUM_CONVERSION = YES;
				CLANG_WARN_INFINITE_RECURSION = YES;
				CLANG_WARN_INT_CONVERSION = YES;
				CLANG_WARN_NON_LITERAL_NULL_CONVERSION = YES;
				CLANG_WARN_OBJC_IMPLICIT_RETAIN_SELF = YES;
				CLANG_WARN_OBJC_LITERAL_CONVERSION = YES;
				CLANG_WARN_OBJC_ROOT_CLASS = YES_ERROR;
				CLANG_WARN_QUOTED_INCLUDE_IN_FRAMEWORK_HEADER = YES;
				CLANG_WARN_RANGE_LOOP_ANALYSIS = YES;
				CLANG_WARN_STRICT_PROTOTYPES = YES;
				CLANG_WARN_SUSPICIOUS_MOVE = YES;
				CLANG_WARN_UNGUARDED_AVAILABILITY = YES_AGGRESSIVE;
				CLANG_WARN_UNREACHABLE_CODE = YES;
				CLANG_WARN__DUPLICATE_METHOD_MATCH = YES;
				COPY_PHASE_STRIP = NO;
				DEBUG_INFORMATION_FORMAT = dwarf;
				ENABLE_STRICT_OBJC_MSGSEND = YES;
				ENABLE_TESTABILITY = YES;
				GCC_C_LANGUAGE_STANDARD = gnu11;
				GCC_DYNAMIC_NO_PIC = NO;
				GCC_NO_COMMON_BLOCKS = YES;
				GCC_OPTIMIZATION_LEVEL = 0;
				GCC_PREPROCESSOR_DEFINITIONS = (
					"DEBUG=1",
					"$(inherited)",
				);
				GCC_WARN_64_TO_32_BIT_CONVERSION = YES;
				GCC_WARN_ABOUT_RETURN_TYPE = YES_ERROR;
				GCC_WARN_UNDECLARED_SELECTOR = YES;
				GCC_WARN_UNINITIALIZED_AUTOS = YES_AGGRESSIVE;
				GCC_WARN_UNUSED_FUNCTION = YES;
				GCC_WARN_UNUSED_VARIABLE = YES;
				IPHONEOS_DEPLOYMENT_TARGET = 16.4;
				MTL_ENABLE_DEBUG_INFO = INCLUDE_SOURCE;
				MTL_FAST_MATH = YES;
				ONLY_ACTIVE_ARCH = YES;
				SDKROOT = iphoneos;
				SWIFT_ACTIVE_COMPILATION_CONDITIONS = DEBUG;
				SWIFT_OPTIMIZATION_LEVEL = "-Onone";
			};
			name = Debug;
		};
		F4F8BED82AC23B16001C2386 /* Release */ = {
			isa = XCBuildConfiguration;
			buildSettings = {
				ALWAYS_SEARCH_USER_PATHS = NO;
				CLANG_ANALYZER_NONNULL = YES;
				CLANG_ANALYZER_NUMBER_OBJECT_CONVERSION = YES_AGGRESSIVE;
				CLANG_CXX_LANGUAGE_STANDARD = "gnu++20";
				CLANG_ENABLE_MODULES = YES;
				CLANG_ENABLE_OBJC_ARC = YES;
				CLANG_ENABLE_OBJC_WEAK = YES;
				CLANG_WARN_BLOCK_CAPTURE_AUTORELEASING = YES;
				CLANG_WARN_BOOL_CONVERSION = YES;
				CLANG_WARN_COMMA = YES;
				CLANG_WARN_CONSTANT_CONVERSION = YES;
				CLANG_WARN_DEPRECATED_OBJC_IMPLEMENTATIONS = YES;
				CLANG_WARN_DIRECT_OBJC_ISA_USAGE = YES_ERROR;
				CLANG_WARN_DOCUMENTATION_COMMENTS = YES;
				CLANG_WARN_EMPTY_BODY = YES;
				CLANG_WARN_ENUM_CONVERSION = YES;
				CLANG_WARN_INFINITE_RECURSION = YES;
				CLANG_WARN_INT_CONVERSION = YES;
				CLANG_WARN_NON_LITERAL_NULL_CONVERSION = YES;
				CLANG_WARN_OBJC_IMPLICIT_RETAIN_SELF = YES;
				CLANG_WARN_OBJC_LITERAL_CONVERSION = YES;
				CLANG_WARN_OBJC_ROOT_CLASS = YES_ERROR;
				CLANG_WARN_QUOTED_INCLUDE_IN_FRAMEWORK_HEADER = YES;
				CLANG_WARN_RANGE_LOOP_ANALYSIS = YES;
				CLANG_WARN_STRICT_PROTOTYPES = YES;
				CLANG_WARN_SUSPICIOUS_MOVE = YES;
				CLANG_WARN_UNGUARDED_AVAILABILITY = YES_AGGRESSIVE;
				CLANG_WARN_UNREACHABLE_CODE = YES;
				CLANG_WARN__DUPLICATE_METHOD_MATCH = YES;
				COPY_PHASE_STRIP = NO;
				DEBUG_INFORMATION_FORMAT = "dwarf-with-dsym";
				ENABLE_NS_ASSERTIONS = NO;
				ENABLE_STRICT_OBJC_MSGSEND = YES;
				GCC_C_LANGUAGE_STANDARD = gnu11;
				GCC_NO_COMMON_BLOCKS = YES;
				GCC_WARN_64_TO_32_BIT_CONVERSION = YES;
				GCC_WARN_ABOUT_RETURN_TYPE = YES_ERROR;
				GCC_WARN_UNDECLARED_SELECTOR = YES;
				GCC_WARN_UNINITIALIZED_AUTOS = YES_AGGRESSIVE;
				GCC_WARN_UNUSED_FUNCTION = YES;
				GCC_WARN_UNUSED_VARIABLE = YES;
				IPHONEOS_DEPLOYMENT_TARGET = 16.4;
				MTL_ENABLE_DEBUG_INFO = NO;
				MTL_FAST_MATH = YES;
				SDKROOT = iphoneos;
				SWIFT_COMPILATION_MODE = wholemodule;
				SWIFT_OPTIMIZATION_LEVEL = "-O";
				VALIDATE_PRODUCT = YES;
			};
			name = Release;
		};
		F4F8BEDA2AC23B16001C2386 /* Debug */ = {
			isa = XCBuildConfiguration;
			buildSettings = {
				ASSETCATALOG_COMPILER_APPICON_NAME = AppIcon;
				ASSETCATALOG_COMPILER_GLOBAL_ACCENT_COLOR_NAME = AccentColor;
				CODE_SIGN_STYLE = Automatic;
				CURRENT_PROJECT_VERSION = 1;
				DEVELOPMENT_TEAM = 98YXJBZVMH;
				GENERATE_INFOPLIST_FILE = YES;
				INFOPLIST_FILE = 230925_TravelBook/Info.plist;
				INFOPLIST_KEY_UIApplicationSupportsIndirectInputEvents = YES;
				INFOPLIST_KEY_UILaunchStoryboardName = LaunchScreen;
				INFOPLIST_KEY_UIMainStoryboardFile = Main;
				INFOPLIST_KEY_UISupportedInterfaceOrientations_iPad = "UIInterfaceOrientationPortrait UIInterfaceOrientationPortraitUpsideDown UIInterfaceOrientationLandscapeLeft UIInterfaceOrientationLandscapeRight";
				INFOPLIST_KEY_UISupportedInterfaceOrientations_iPhone = "UIInterfaceOrientationPortrait UIInterfaceOrientationLandscapeLeft UIInterfaceOrientationLandscapeRight";
				LD_RUNPATH_SEARCH_PATHS = (
					"$(inherited)",
					"@executable_path/Frameworks",
				);
				MARKETING_VERSION = 1.0;
				PRODUCT_BUNDLE_IDENTIFIER = "com.hasanbilgin.-30925-TravelBook";
				PRODUCT_NAME = "$(TARGET_NAME)";
				SWIFT_EMIT_LOC_STRINGS = YES;
				SWIFT_VERSION = 5.0;
				TARGETED_DEVICE_FAMILY = "1,2";
			};
			name = Debug;
		};
		F4F8BEDB2AC23B16001C2386 /* Release */ = {
			isa = XCBuildConfiguration;
			buildSettings = {
				ASSETCATALOG_COMPILER_APPICON_NAME = AppIcon;
				ASSETCATALOG_COMPILER_GLOBAL_ACCENT_COLOR_NAME = AccentColor;
				CODE_SIGN_STYLE = Automatic;
				CURRENT_PROJECT_VERSION = 1;
				DEVELOPMENT_TEAM = 98YXJBZVMH;
				GENERATE_INFOPLIST_FILE = YES;
				INFOPLIST_FILE = 230925_TravelBook/Info.plist;
				INFOPLIST_KEY_UIApplicationSupportsIndirectInputEvents = YES;
				INFOPLIST_KEY_UILaunchStoryboardName = LaunchScreen;
				INFOPLIST_KEY_UIMainStoryboardFile = Main;
				INFOPLIST_KEY_UISupportedInterfaceOrientations_iPad = "UIInterfaceOrientationPortrait UIInterfaceOrientationPortraitUpsideDown UIInterfaceOrientationLandscapeLeft UIInterfaceOrientationLandscapeRight";
				INFOPLIST_KEY_UISupportedInterfaceOrientations_iPhone = "UIInterfaceOrientationPortrait UIInterfaceOrientationLandscapeLeft UIInterfaceOrientationLandscapeRight";
				LD_RUNPATH_SEARCH_PATHS = (
					"$(inherited)",
					"@executable_path/Frameworks",
				);
				MARKETING_VERSION = 1.0;
				PRODUCT_BUNDLE_IDENTIFIER = "com.hasanbilgin.-30925-TravelBook";
				PRODUCT_NAME = "$(TARGET_NAME)";
				SWIFT_EMIT_LOC_STRINGS = YES;
				SWIFT_VERSION = 5.0;
				TARGETED_DEVICE_FAMILY = "1,2";
			};
			name = Release;
		};
/* End XCBuildConfiguration section */

/* Begin XCConfigurationList section */
		F4F8BEBD2AC23B15001C2386 /* Build configuration list for PBXProject "230925_TravelBook" */ = {
			isa = XCConfigurationList;
			buildConfigurations = (
				F4F8BED72AC23B16001C2386 /* Debug */,
				F4F8BED82AC23B16001C2386 /* Release */,
			);
			defaultConfigurationIsVisible = 0;
			defaultConfigurationName = Release;
		};
		F4F8BED92AC23B16001C2386 /* Build configuration list for PBXNativeTarget "230925_TravelBook" */ = {
			isa = XCConfigurationList;
			buildConfigurations = (
				F4F8BEDA2AC23B16001C2386 /* Debug */,
				F4F8BEDB2AC23B16001C2386 /* Release */,
			);
			defaultConfigurationIsVisible = 0;
			defaultConfigurationName = Release;
		};
/* End XCConfigurationList section */

/* Begin XCVersionGroup section */
		F4F8BECE2AC23B15001C2386 /* _30925_TravelBook.xcdatamodeld */ = {
			isa = XCVersionGroup;
			children = (
				F4F8BECF2AC23B15001C2386 /* _30925_TravelBook.xcdatamodel */,
			);
			currentVersion = F4F8BECF2AC23B15001C2386 /* _30925_TravelBook.xcdatamodel */;
			path = _30925_TravelBook.xcdatamodeld;
			sourceTree = "<group>";
			versionGroupType = wrapper.xcdatamodel;
		};
/* End XCVersionGroup section */
	};
	rootObject = F4F8BEBA2AC23B15001C2386 /* Project object */;
}
